
Microsoft Visual Studio Solution File, Format Version 12.00
# Visual Studio 15
VisualStudioVersion = 15.0.26430.16
MinimumVisualStudioVersion = 10.0.40219.1
Project("{9A19103F-16F7-4668-BE54-9A1E7A4F7556}") = "Kuno.EntityFramework", "Kuno.EntityFramework\Kuno.EntityFramework.csproj", "{5AB02DE5-259C-4769-92A9-133389942635}"
EndProject
Project("{2150E333-8FDC-42A3-9474-1A3956D46DE8}") = "assets", "assets", "{131EA626-522D-41F2-9414-7CEFA1FEB02E}"
	ProjectSection(SolutionItems) = preProject
		assets\clean.ps1 = assets\clean.ps1
		assets\package.ps1 = assets\package.ps1
	EndProjectSection
EndProject
Global
	GlobalSection(SolutionConfigurationPlatforms) = preSolution
		Debug|Any CPU = Debug|Any CPU
		Release|Any CPU = Release|Any CPU
	EndGlobalSection
	GlobalSection(ProjectConfigurationPlatforms) = postSolution
		{5AB02DE5-259C-4769-92A9-133389942635}.Debug|Any CPU.ActiveCfg = Debug|Any CPU
		{5AB02DE5-259C-4769-92A9-133389942635}.Debug|Any CPU.Build.0 = Debug|Any CPU
		{5AB02DE5-259C-4769-92A9-133389942635}.Release|Any CPU.ActiveCfg = Release|Any CPU
		{5AB02DE5-259C-4769-92A9-133389942635}.Release|Any CPU.Build.0 = Release|Any CPU
	EndGlobalSection
	GlobalSection(SolutionProperties) = preSolution
		HideSolutionNode = FALSE
	EndGlobalSection
EndGlobal
